// !$*UTF8*$!
{
	archiveVersion = 1;
	classes = {
	};
	objectVersion = 56;
	objects = {

/* Begin PBXBuildFile section */
		CF969D322AA05E8700CD75F9 /* AppDelegate.swift in Sources */ = {isa = PBXBuildFile; fileRef = CF969D312AA05E8700CD75F9 /* AppDelegate.swift */; };
		CF969D342AA05E8700CD75F9 /* SceneDelegate.swift in Sources */ = {isa = PBXBuildFile; fileRef = CF969D332AA05E8700CD75F9 /* SceneDelegate.swift */; };
		CF969D362AA05E8700CD75F9 /* HotelController.swift in Sources */ = {isa = PBXBuildFile; fileRef = CF969D352AA05E8700CD75F9 /* HotelController.swift */; };
		CF969D392AA05E8700CD75F9 /* Main.storyboard in Resources */ = {isa = PBXBuildFile; fileRef = CF969D372AA05E8700CD75F9 /* Main.storyboard */; };
		CF969D3B2AA05E8900CD75F9 /* Assets.xcassets in Resources */ = {isa = PBXBuildFile; fileRef = CF969D3A2AA05E8900CD75F9 /* Assets.xcassets */; };
		CF969D3E2AA05E8900CD75F9 /* LaunchScreen.storyboard in Resources */ = {isa = PBXBuildFile; fileRef = CF969D3C2AA05E8900CD75F9 /* LaunchScreen.storyboard */; };
		CF969D692AA06FE300CD75F9 /* SectionsInfoHotel.swift in Sources */ = {isa = PBXBuildFile; fileRef = CF969D682AA06FE300CD75F9 /* SectionsInfoHotel.swift */; };
		CF969D6E2AA099CC00CD75F9 /* MoreAboutHotelCell.swift in Sources */ = {isa = PBXBuildFile; fileRef = CF969D6C2AA099CC00CD75F9 /* MoreAboutHotelCell.swift */; };
		CF969D6F2AA099CC00CD75F9 /* MoreAboutHotelCell.xib in Resources */ = {isa = PBXBuildFile; fileRef = CF969D6D2AA099CC00CD75F9 /* MoreAboutHotelCell.xib */; };
		CF969D722AA099F800CD75F9 /* DescriptionHotelCell.swift in Sources */ = {isa = PBXBuildFile; fileRef = CF969D702AA099F800CD75F9 /* DescriptionHotelCell.swift */; };
		CF969D732AA099F800CD75F9 /* DescriptionHotelCell.xib in Resources */ = {isa = PBXBuildFile; fileRef = CF969D712AA099F800CD75F9 /* DescriptionHotelCell.xib */; };
		CF969D762AA09A2A00CD75F9 /* AboutHotelCell.swift in Sources */ = {isa = PBXBuildFile; fileRef = CF969D742AA09A2A00CD75F9 /* AboutHotelCell.swift */; };
		CF969D772AA09A2A00CD75F9 /* AboutHotelCell.xib in Resources */ = {isa = PBXBuildFile; fileRef = CF969D752AA09A2A00CD75F9 /* AboutHotelCell.xib */; };
		CF969D7A2AA09A4D00CD75F9 /* InfoHotelCell.swift in Sources */ = {isa = PBXBuildFile; fileRef = CF969D782AA09A4D00CD75F9 /* InfoHotelCell.swift */; };
		CF969D7B2AA09A4D00CD75F9 /* InfoHotelCell.xib in Resources */ = {isa = PBXBuildFile; fileRef = CF969D792AA09A4D00CD75F9 /* InfoHotelCell.xib */; };
		CF969D7E2AA09A8700CD75F9 /* SwipeCell.swift in Sources */ = {isa = PBXBuildFile; fileRef = CF969D7C2AA09A8700CD75F9 /* SwipeCell.swift */; };
		CF969D7F2AA09A8700CD75F9 /* SwipeCell.xib in Resources */ = {isa = PBXBuildFile; fileRef = CF969D7D2AA09A8700CD75F9 /* SwipeCell.xib */; };
/* End PBXBuildFile section */

/* Begin PBXFileReference section */
		CF969D2E2AA05E8700CD75F9 /* BookingHotel.app */ = {isa = PBXFileReference; explicitFileType = wrapper.application; includeInIndex = 0; path = BookingHotel.app; sourceTree = BUILT_PRODUCTS_DIR; };
		CF969D312AA05E8700CD75F9 /* AppDelegate.swift */ = {isa = PBXFileReference; lastKnownFileType = sourcecode.swift; path = AppDelegate.swift; sourceTree = "<group>"; };
		CF969D332AA05E8700CD75F9 /* SceneDelegate.swift */ = {isa = PBXFileReference; lastKnownFileType = sourcecode.swift; path = SceneDelegate.swift; sourceTree = "<group>"; };
		CF969D352AA05E8700CD75F9 /* HotelController.swift */ = {isa = PBXFileReference; lastKnownFileType = sourcecode.swift; path = HotelController.swift; sourceTree = "<group>"; };
		CF969D382AA05E8700CD75F9 /* Base */ = {isa = PBXFileReference; lastKnownFileType = file.storyboard; name = Base; path = Base.lproj/Main.storyboard; sourceTree = "<group>"; };
		CF969D3A2AA05E8900CD75F9 /* Assets.xcassets */ = {isa = PBXFileReference; lastKnownFileType = folder.assetcatalog; path = Assets.xcassets; sourceTree = "<group>"; };
		CF969D3D2AA05E8900CD75F9 /* Base */ = {isa = PBXFileReference; lastKnownFileType = file.storyboard; name = Base; path = Base.lproj/LaunchScreen.storyboard; sourceTree = "<group>"; };
		CF969D3F2AA05E8900CD75F9 /* Info.plist */ = {isa = PBXFileReference; lastKnownFileType = text.plist.xml; path = Info.plist; sourceTree = "<group>"; };
		CF969D682AA06FE300CD75F9 /* SectionsInfoHotel.swift */ = {isa = PBXFileReference; lastKnownFileType = sourcecode.swift; path = SectionsInfoHotel.swift; sourceTree = "<group>"; };
		CF969D6C2AA099CC00CD75F9 /* MoreAboutHotelCell.swift */ = {isa = PBXFileReference; lastKnownFileType = sourcecode.swift; path = MoreAboutHotelCell.swift; sourceTree = "<group>"; };
		CF969D6D2AA099CC00CD75F9 /* MoreAboutHotelCell.xib */ = {isa = PBXFileReference; lastKnownFileType = file.xib; path = MoreAboutHotelCell.xib; sourceTree = "<group>"; };
		CF969D702AA099F800CD75F9 /* DescriptionHotelCell.swift */ = {isa = PBXFileReference; lastKnownFileType = sourcecode.swift; path = DescriptionHotelCell.swift; sourceTree = "<group>"; };
		CF969D712AA099F800CD75F9 /* DescriptionHotelCell.xib */ = {isa = PBXFileReference; lastKnownFileType = file.xib; path = DescriptionHotelCell.xib; sourceTree = "<group>"; };
		CF969D742AA09A2A00CD75F9 /* AboutHotelCell.swift */ = {isa = PBXFileReference; lastKnownFileType = sourcecode.swift; path = AboutHotelCell.swift; sourceTree = "<group>"; };
		CF969D752AA09A2A00CD75F9 /* AboutHotelCell.xib */ = {isa = PBXFileReference; lastKnownFileType = file.xib; path = AboutHotelCell.xib; sourceTree = "<group>"; };
		CF969D782AA09A4D00CD75F9 /* InfoHotelCell.swift */ = {isa = PBXFileReference; lastKnownFileType = sourcecode.swift; path = InfoHotelCell.swift; sourceTree = "<group>"; };
		CF969D792AA09A4D00CD75F9 /* InfoHotelCell.xib */ = {isa = PBXFileReference; lastKnownFileType = file.xib; path = InfoHotelCell.xib; sourceTree = "<group>"; };
		CF969D7C2AA09A8700CD75F9 /* SwipeCell.swift */ = {isa = PBXFileReference; lastKnownFileType = sourcecode.swift; path = SwipeCell.swift; sourceTree = "<group>"; };
		CF969D7D2AA09A8700CD75F9 /* SwipeCell.xib */ = {isa = PBXFileReference; lastKnownFileType = file.xib; path = SwipeCell.xib; sourceTree = "<group>"; };
/* End PBXFileReference section */

/* Begin PBXFrameworksBuildPhase section */
		CF969D2B2AA05E8700CD75F9 /* Frameworks */ = {
			isa = PBXFrameworksBuildPhase;
			buildActionMask = 2147483647;
			files = (
			);
			runOnlyForDeploymentPostprocessing = 0;
		};
/* End PBXFrameworksBuildPhase section */

/* Begin PBXGroup section */
		CF969D252AA05E8700CD75F9 = {
			isa = PBXGroup;
			children = (
				CF969D302AA05E8700CD75F9 /* BookingHotel */,
				CF969D2F2AA05E8700CD75F9 /* Products */,
			);
			sourceTree = "<group>";
		};
		CF969D2F2AA05E8700CD75F9 /* Products */ = {
			isa = PBXGroup;
			children = (
				CF969D2E2AA05E8700CD75F9 /* BookingHotel.app */,
			);
			name = Products;
			sourceTree = "<group>";
		};
		CF969D302AA05E8700CD75F9 /* BookingHotel */ = {
			isa = PBXGroup;
			children = (
				CF969D482AA0625000CD75F9 /* Application */,
				CF969D4C2AA0627800CD75F9 /* Hotel */,
				CF969D372AA05E8700CD75F9 /* Main.storyboard */,
				CF969D3A2AA05E8900CD75F9 /* Assets.xcassets */,
				CF969D3C2AA05E8900CD75F9 /* LaunchScreen.storyboard */,
				CF969D3F2AA05E8900CD75F9 /* Info.plist */,
			);
			path = BookingHotel;
			sourceTree = "<group>";
		};
		CF969D452AA05E9800CD75F9 /* Controller */ = {
			isa = PBXGroup;
			children = (
				CF969D312AA05E8700CD75F9 /* AppDelegate.swift */,
				CF969D332AA05E8700CD75F9 /* SceneDelegate.swift */,
			);
			path = Controller;
			sourceTree = "<group>";
		};
		CF969D462AA05EA100CD75F9 /* Model */ = {
			isa = PBXGroup;
			children = (
			);
			path = Model;
			sourceTree = "<group>";
		};
		CF969D472AA05EA500CD75F9 /* View */ = {
			isa = PBXGroup;
			children = (
			);
			path = View;
			sourceTree = "<group>";
		};
		CF969D482AA0625000CD75F9 /* Application */ = {
			isa = PBXGroup;
			children = (
				CF969D462AA05EA100CD75F9 /* Model */,
				CF969D472AA05EA500CD75F9 /* View */,
				CF969D452AA05E9800CD75F9 /* Controller */,
			);
			path = Application;
			sourceTree = "<group>";
		};
		CF969D492AA0625800CD75F9 /* Controller */ = {
			isa = PBXGroup;
			children = (
				CF969D352AA05E8700CD75F9 /* HotelController.swift */,
			);
			path = Controller;
			sourceTree = "<group>";
		};
		CF969D4A2AA0626300CD75F9 /* View */ = {
			isa = PBXGroup;
			children = (
				CF969D582AA06AE900CD75F9 /* SwipeCell */,
				CF969D572AA06ACC00CD75F9 /* InfoHotelCell */,
				CF969D592AA06B5100CD75F9 /* AboutHotelCell */,
				CF969D5A2AA06B6100CD75F9 /* DescriptionHotelCell */,
				CF969D5B2AA06B7B00CD75F9 /* MoreAboutHotelCell */,
			);
			path = View;
			sourceTree = "<group>";
		};
		CF969D4B2AA0626F00CD75F9 /* Model */ = {
			isa = PBXGroup;
			children = (
				CF969D682AA06FE300CD75F9 /* SectionsInfoHotel.swift */,
			);
			path = Model;
			sourceTree = "<group>";
		};
		CF969D4C2AA0627800CD75F9 /* Hotel */ = {
			isa = PBXGroup;
			children = (
				CF969D4B2AA0626F00CD75F9 /* Model */,
				CF969D4A2AA0626300CD75F9 /* View */,
				CF969D492AA0625800CD75F9 /* Controller */,
			);
			path = Hotel;
			sourceTree = "<group>";
		};
		CF969D572AA06ACC00CD75F9 /* InfoHotelCell */ = {
			isa = PBXGroup;
			children = (
				CF969D782AA09A4D00CD75F9 /* InfoHotelCell.swift */,
				CF969D792AA09A4D00CD75F9 /* InfoHotelCell.xib */,
			);
			path = InfoHotelCell;
			sourceTree = "<group>";
		};
		CF969D582AA06AE900CD75F9 /* SwipeCell */ = {
			isa = PBXGroup;
			children = (
				CF969D7C2AA09A8700CD75F9 /* SwipeCell.swift */,
				CF969D7D2AA09A8700CD75F9 /* SwipeCell.xib */,
			);
			path = SwipeCell;
			sourceTree = "<group>";
		};
		CF969D592AA06B5100CD75F9 /* AboutHotelCell */ = {
			isa = PBXGroup;
			children = (
				CF969D742AA09A2A00CD75F9 /* AboutHotelCell.swift */,
				CF969D752AA09A2A00CD75F9 /* AboutHotelCell.xib */,
			);
			path = AboutHotelCell;
			sourceTree = "<group>";
		};
		CF969D5A2AA06B6100CD75F9 /* DescriptionHotelCell */ = {
			isa = PBXGroup;
			children = (
				CF969D702AA099F800CD75F9 /* DescriptionHotelCell.swift */,
				CF969D712AA099F800CD75F9 /* DescriptionHotelCell.xib */,
			);
			path = DescriptionHotelCell;
			sourceTree = "<group>";
		};
		CF969D5B2AA06B7B00CD75F9 /* MoreAboutHotelCell */ = {
			isa = PBXGroup;
			children = (
				CF969D6C2AA099CC00CD75F9 /* MoreAboutHotelCell.swift */,
				CF969D6D2AA099CC00CD75F9 /* MoreAboutHotelCell.xib */,
			);
			path = MoreAboutHotelCell;
			sourceTree = "<group>";
		};
/* End PBXGroup section */

/* Begin PBXNativeTarget section */
		CF969D2D2AA05E8700CD75F9 /* BookingHotel */ = {
			isa = PBXNativeTarget;
			buildConfigurationList = CF969D422AA05E8900CD75F9 /* Build configuration list for PBXNativeTarget "BookingHotel" */;
			buildPhases = (
				CF969D2A2AA05E8700CD75F9 /* Sources */,
				CF969D2B2AA05E8700CD75F9 /* Frameworks */,
				CF969D2C2AA05E8700CD75F9 /* Resources */,
			);
			buildRules = (
			);
			dependencies = (
			);
			name = BookingHotel;
			productName = BookingHotel;
			productReference = CF969D2E2AA05E8700CD75F9 /* BookingHotel.app */;
			productType = "com.apple.product-type.application";
		};
/* End PBXNativeTarget section */

/* Begin PBXProject section */
		CF969D262AA05E8700CD75F9 /* Project object */ = {
			isa = PBXProject;
			attributes = {
				BuildIndependentTargetsInParallel = 1;
				LastSwiftUpdateCheck = 1420;
				LastUpgradeCheck = 1420;
				TargetAttributes = {
					CF969D2D2AA05E8700CD75F9 = {
						CreatedOnToolsVersion = 14.2;
					};
				};
			};
			buildConfigurationList = CF969D292AA05E8700CD75F9 /* Build configuration list for PBXProject "BookingHotel" */;
			compatibilityVersion = "Xcode 14.0";
			developmentRegion = en;
			hasScannedForEncodings = 0;
			knownRegions = (
				en,
				Base,
			);
			mainGroup = CF969D252AA05E8700CD75F9;
			productRefGroup = CF969D2F2AA05E8700CD75F9 /* Products */;
			projectDirPath = "";
			projectRoot = "";
			targets = (
				CF969D2D2AA05E8700CD75F9 /* BookingHotel */,
			);
		};
/* End PBXProject section */

/* Begin PBXResourcesBuildPhase section */
		CF969D2C2AA05E8700CD75F9 /* Resources */ = {
			isa = PBXResourcesBuildPhase;
			buildActionMask = 2147483647;
			files = (
				CF969D3E2AA05E8900CD75F9 /* LaunchScreen.storyboard in Resources */,
				CF969D7B2AA09A4D00CD75F9 /* InfoHotelCell.xib in Resources */,
				CF969D772AA09A2A00CD75F9 /* AboutHotelCell.xib in Resources */,
				CF969D3B2AA05E8900CD75F9 /* Assets.xcassets in Resources */,
				CF969D392AA05E8700CD75F9 /* Main.storyboard in Resources */,
				CF969D732AA099F800CD75F9 /* DescriptionHotelCell.xib in Resources */,
				CF969D7F2AA09A8700CD75F9 /* SwipeCell.xib in Resources */,
				CF969D6F2AA099CC00CD75F9 /* MoreAboutHotelCell.xib in Resources */,
			);
			runOnlyForDeploymentPostprocessing = 0;
		};
/* End PBXResourcesBuildPhase section */

/* Begin PBXSourcesBuildPhase section */
		CF969D2A2AA05E8700CD75F9 /* Sources */ = {
			isa = PBXSourcesBuildPhase;
			buildActionMask = 2147483647;
			files = (
				CF969D6E2AA099CC00CD75F9 /* MoreAboutHotelCell.swift in Sources */,
				CF969D362AA05E8700CD75F9 /* HotelController.swift in Sources */,
				CF969D7E2AA09A8700CD75F9 /* SwipeCell.swift in Sources */,
				CF969D7A2AA09A4D00CD75F9 /* InfoHotelCell.swift in Sources */,
				CF969D762AA09A2A00CD75F9 /* AboutHotelCell.swift in Sources */,
				CF969D722AA099F800CD75F9 /* DescriptionHotelCell.swift in Sources */,
				CF969D322AA05E8700CD75F9 /* AppDelegate.swift in Sources */,
				CF969D342AA05E8700CD75F9 /* SceneDelegate.swift in Sources */,
				CF969D692AA06FE300CD75F9 /* SectionsInfoHotel.swift in Sources */,
			);
			runOnlyForDeploymentPostprocessing = 0;
		};
/* End PBXSourcesBuildPhase section */

/* Begin PBXVariantGroup section */
		CF969D372AA05E8700CD75F9 /* Main.storyboard */ = {
			isa = PBXVariantGroup;
			children = (
				CF969D382AA05E8700CD75F9 /* Base */,
			);
			name = Main.storyboard;
			sourceTree = "<group>";
		};
		CF969D3C2AA05E8900CD75F9 /* LaunchScreen.storyboard */ = {
			isa = PBXVariantGroup;
			children = (
				CF969D3D2AA05E8900CD75F9 /* Base */,
			);
			name = LaunchScreen.storyboard;
			sourceTree = "<group>";
		};
/* End PBXVariantGroup section */

/* Begin XCBuildConfiguration section */
		CF969D402AA05E8900CD75F9 /* Debug */ = {
			isa = XCBuildConfiguration;
			buildSettings = {
				ALWAYS_SEARCH_USER_PATHS = NO;
				CLANG_ANALYZER_NONNULL = YES;
				CLANG_ANALYZER_NUMBER_OBJECT_CONVERSION = YES_AGGRESSIVE;
				CLANG_CXX_LANGUAGE_STANDARD = "gnu++20";
				CLANG_ENABLE_MODULES = YES;
				CLANG_ENABLE_OBJC_ARC = YES;
				CLANG_ENABLE_OBJC_WEAK = YES;
				CLANG_WARN_BLOCK_CAPTURE_AUTORELEASING = YES;
				CLANG_WARN_BOOL_CONVERSION = YES;
				CLANG_WARN_COMMA = YES;
				CLANG_WARN_CONSTANT_CONVERSION = YES;
				CLANG_WARN_DEPRECATED_OBJC_IMPLEMENTATIONS = YES;
				CLANG_WARN_DIRECT_OBJC_ISA_USAGE = YES_ERROR;
				CLANG_WARN_DOCUMENTATION_COMMENTS = YES;
				CLANG_WARN_EMPTY_BODY = YES;
				CLANG_WARN_ENUM_CONVERSION = YES;
				CLANG_WARN_INFINITE_RECURSION = YES;
				CLANG_WARN_INT_CONVERSION = YES;
				CLANG_WARN_NON_LITERAL_NULL_CONVERSION = YES;
				CLANG_WARN_OBJC_IMPLICIT_RETAIN_SELF = YES;
				CLANG_WARN_OBJC_LITERAL_CONVERSION = YES;
				CLANG_WARN_OBJC_ROOT_CLASS = YES_ERROR;
				CLANG_WARN_QUOTED_INCLUDE_IN_FRAMEWORK_HEADER = YES;
				CLANG_WARN_RANGE_LOOP_ANALYSIS = YES;
				CLANG_WARN_STRICT_PROTOTYPES = YES;
				CLANG_WARN_SUSPICIOUS_MOVE = YES;
				CLANG_WARN_UNGUARDED_AVAILABILITY = YES_AGGRESSIVE;
				CLANG_WARN_UNREACHABLE_CODE = YES;
				CLANG_WARN__DUPLICATE_METHOD_MATCH = YES;
				COPY_PHASE_STRIP = NO;
				DEBUG_INFORMATION_FORMAT = dwarf;
				ENABLE_STRICT_OBJC_MSGSEND = YES;
				ENABLE_TESTABILITY = YES;
				GCC_C_LANGUAGE_STANDARD = gnu11;
				GCC_DYNAMIC_NO_PIC = NO;
				GCC_NO_COMMON_BLOCKS = YES;
				GCC_OPTIMIZATION_LEVEL = 0;
				GCC_PREPROCESSOR_DEFINITIONS = (
					"DEBUG=1",
					"$(inherited)",
				);
				GCC_WARN_64_TO_32_BIT_CONVERSION = YES;
				GCC_WARN_ABOUT_RETURN_TYPE = YES_ERROR;
				GCC_WARN_UNDECLARED_SELECTOR = YES;
				GCC_WARN_UNINITIALIZED_AUTOS = YES_AGGRESSIVE;
				GCC_WARN_UNUSED_FUNCTION = YES;
				GCC_WARN_UNUSED_VARIABLE = YES;
				IPHONEOS_DEPLOYMENT_TARGET = 16.2;
				MTL_ENABLE_DEBUG_INFO = INCLUDE_SOURCE;
				MTL_FAST_MATH = YES;
				ONLY_ACTIVE_ARCH = YES;
				SDKROOT = iphoneos;
				SWIFT_ACTIVE_COMPILATION_CONDITIONS = DEBUG;
				SWIFT_OPTIMIZATION_LEVEL = "-Onone";
			};
			name = Debug;
		};
		CF969D412AA05E8900CD75F9 /* Release */ = {
			isa = XCBuildConfiguration;
			buildSettings = {
				ALWAYS_SEARCH_USER_PATHS = NO;
				CLANG_ANALYZER_NONNULL = YES;
				CLANG_ANALYZER_NUMBER_OBJECT_CONVERSION = YES_AGGRESSIVE;
				CLANG_CXX_LANGUAGE_STANDARD = "gnu++20";
				CLANG_ENABLE_MODULES = YES;
				CLANG_ENABLE_OBJC_ARC = YES;
				CLANG_ENABLE_OBJC_WEAK = YES;
				CLANG_WARN_BLOCK_CAPTURE_AUTORELEASING = YES;
				CLANG_WARN_BOOL_CONVERSION = YES;
				CLANG_WARN_COMMA = YES;
				CLANG_WARN_CONSTANT_CONVERSION = YES;
				CLANG_WARN_DEPRECATED_OBJC_IMPLEMENTATIONS = YES;
				CLANG_WARN_DIRECT_OBJC_ISA_USAGE = YES_ERROR;
				CLANG_WARN_DOCUMENTATION_COMMENTS = YES;
				CLANG_WARN_EMPTY_BODY = YES;
				CLANG_WARN_ENUM_CONVERSION = YES;
				CLANG_WARN_INFINITE_RECURSION = YES;
				CLANG_WARN_INT_CONVERSION = YES;
				CLANG_WARN_NON_LITERAL_NULL_CONVERSION = YES;
				CLANG_WARN_OBJC_IMPLICIT_RETAIN_SELF = YES;
				CLANG_WARN_OBJC_LITERAL_CONVERSION = YES;
				CLANG_WARN_OBJC_ROOT_CLASS = YES_ERROR;
				CLANG_WARN_QUOTED_INCLUDE_IN_FRAMEWORK_HEADER = YES;
				CLANG_WARN_RANGE_LOOP_ANALYSIS = YES;
				CLANG_WARN_STRICT_PROTOTYPES = YES;
				CLANG_WARN_SUSPICIOUS_MOVE = YES;
				CLANG_WARN_UNGUARDED_AVAILABILITY = YES_AGGRESSIVE;
				CLANG_WARN_UNREACHABLE_CODE = YES;
				CLANG_WARN__DUPLICATE_METHOD_MATCH = YES;
				COPY_PHASE_STRIP = NO;
				DEBUG_INFORMATION_FORMAT = "dwarf-with-dsym";
				ENABLE_NS_ASSERTIONS = NO;
				ENABLE_STRICT_OBJC_MSGSEND = YES;
				GCC_C_LANGUAGE_STANDARD = gnu11;
				GCC_NO_COMMON_BLOCKS = YES;
				GCC_WARN_64_TO_32_BIT_CONVERSION = YES;
				GCC_WARN_ABOUT_RETURN_TYPE = YES_ERROR;
				GCC_WARN_UNDECLARED_SELECTOR = YES;
				GCC_WARN_UNINITIALIZED_AUTOS = YES_AGGRESSIVE;
				GCC_WARN_UNUSED_FUNCTION = YES;
				GCC_WARN_UNUSED_VARIABLE = YES;
				IPHONEOS_DEPLOYMENT_TARGET = 16.2;
				MTL_ENABLE_DEBUG_INFO = NO;
				MTL_FAST_MATH = YES;
				SDKROOT = iphoneos;
				SWIFT_COMPILATION_MODE = wholemodule;
				SWIFT_OPTIMIZATION_LEVEL = "-O";
				VALIDATE_PRODUCT = YES;
			};
			name = Release;
		};
		CF969D432AA05E8900CD75F9 /* Debug */ = {
			isa = XCBuildConfiguration;
			buildSettings = {
				ASSETCATALOG_COMPILER_APPICON_NAME = AppIcon;
				ASSETCATALOG_COMPILER_GLOBAL_ACCENT_COLOR_NAME = AccentColor;
				CODE_SIGN_STYLE = Automatic;
				CURRENT_PROJECT_VERSION = 1;
				DEVELOPMENT_TEAM = F54VLCC48K;
				GENERATE_INFOPLIST_FILE = YES;
				INFOPLIST_FILE = BookingHotel/Info.plist;
				INFOPLIST_KEY_UIApplicationSupportsIndirectInputEvents = YES;
				INFOPLIST_KEY_UILaunchStoryboardName = LaunchScreen;
				INFOPLIST_KEY_UIMainStoryboardFile = Main;
				INFOPLIST_KEY_UISupportedInterfaceOrientations_iPad = "UIInterfaceOrientationPortrait UIInterfaceOrientationPortraitUpsideDown UIInterfaceOrientationLandscapeLeft UIInterfaceOrientationLandscapeRight";
				INFOPLIST_KEY_UISupportedInterfaceOrientations_iPhone = "UIInterfaceOrientationPortrait UIInterfaceOrientationLandscapeLeft UIInterfaceOrientationLandscapeRight";
				IPHONEOS_DEPLOYMENT_TARGET = 15.4;
				LD_RUNPATH_SEARCH_PATHS = (
					"$(inherited)",
					"@executable_path/Frameworks",
				);
				MARKETING_VERSION = 1.0;
				PRODUCT_BUNDLE_IDENTIFIER = RickAndMortyDenimMerzhan.BookingHotel;
				PRODUCT_NAME = "$(TARGET_NAME)";
				SWIFT_EMIT_LOC_STRINGS = YES;
				SWIFT_VERSION = 5.0;
				TARGETED_DEVICE_FAMILY = "1,2";
			};
			name = Debug;
		};
		CF969D442AA05E8900CD75F9 /* Release */ = {
			isa = XCBuildConfiguration;
			buildSettings = {
				ASSETCATALOG_COMPILER_APPICON_NAME = AppIcon;
				ASSETCATALOG_COMPILER_GLOBAL_ACCENT_COLOR_NAME = AccentColor;
				CODE_SIGN_STYLE = Automatic;
				CURRENT_PROJECT_VERSION = 1;
				DEVELOPMENT_TEAM = F54VLCC48K;
				GENERATE_INFOPLIST_FILE = YES;
				INFOPLIST_FILE = BookingHotel/Info.plist;
				INFOPLIST_KEY_UIApplicationSupportsIndirectInputEvents = YES;
				INFOPLIST_KEY_UILaunchStoryboardName = LaunchScreen;
				INFOPLIST_KEY_UIMainStoryboardFile = Main;
				INFOPLIST_KEY_UISupportedInterfaceOrientations_iPad = "UIInterfaceOrientationPortrait UIInterfaceOrientationPortraitUpsideDown UIInterfaceOrientationLandscapeLeft UIInterfaceOrientationLandscapeRight";
				INFOPLIST_KEY_UISupportedInterfaceOrientations_iPhone = "UIInterfaceOrientationPortrait UIInterfaceOrientationLandscapeLeft UIInterfaceOrientationLandscapeRight";
				IPHONEOS_DEPLOYMENT_TARGET = 15.4;
				LD_RUNPATH_SEARCH_PATHS = (
					"$(inherited)",
					"@executable_path/Frameworks",
				);
				MARKETING_VERSION = 1.0;
				PRODUCT_BUNDLE_IDENTIFIER = RickAndMortyDenimMerzhan.BookingHotel;
				PRODUCT_NAME = "$(TARGET_NAME)";
				SWIFT_EMIT_LOC_STRINGS = YES;
				SWIFT_VERSION = 5.0;
				TARGETED_DEVICE_FAMILY = "1,2";
			};
			name = Release;
		};
/* End XCBuildConfiguration section */

/* Begin XCConfigurationList section */
		CF969D292AA05E8700CD75F9 /* Build configuration list for PBXProject "BookingHotel" */ = {
			isa = XCConfigurationList;
			buildConfigurations = (
				CF969D402AA05E8900CD75F9 /* Debug */,
				CF969D412AA05E8900CD75F9 /* Release */,
			);
			defaultConfigurationIsVisible = 0;
			defaultConfigurationName = Release;
		};
		CF969D422AA05E8900CD75F9 /* Build configuration list for PBXNativeTarget "BookingHotel" */ = {
			isa = XCConfigurationList;
			buildConfigurations = (
				CF969D432AA05E8900CD75F9 /* Debug */,
				CF969D442AA05E8900CD75F9 /* Release */,
			);
			defaultConfigurationIsVisible = 0;
			defaultConfigurationName = Release;
		};
/* End XCConfigurationList section */
	};
	rootObject = CF969D262AA05E8700CD75F9 /* Project object */;
}
