// !$*UTF8*$!
{
	archiveVersion = 1;
	classes = {
	};
	objectVersion = 56;
	objects = {

/* Begin PBXBuildFile section */
		7433D7C611A5013B2FEF1F41 /* Pods_BookingHotel.framework in Frameworks */ = {isa = PBXBuildFile; fileRef = 7424F55EDC06D9175639B2E5 /* Pods_BookingHotel.framework */; };
		CF0D89C32AA34A8200FB2787 /* SwipeCell.swift in Sources */ = {isa = PBXBuildFile; fileRef = CF0D89C12AA34A8200FB2787 /* SwipeCell.swift */; };
		CF0D89C42AA34A8200FB2787 /* SwipeCell.xib in Resources */ = {isa = PBXBuildFile; fileRef = CF0D89C22AA34A8200FB2787 /* SwipeCell.xib */; };
		CF1153262AA5156D00ED824D /* PriceFooter.xib in Resources */ = {isa = PBXBuildFile; fileRef = CF1153242AA5156D00ED824D /* PriceFooter.xib */; };
		CF1153282AA51D6E00ED824D /* TitleHedear.swift in Sources */ = {isa = PBXBuildFile; fileRef = CF1153272AA51D6E00ED824D /* TitleHedear.swift */; };
		CF34ED3E2AAD942800CA2D95 /* BookingFooter.swift in Sources */ = {isa = PBXBuildFile; fileRef = CF34ED3C2AAD942800CA2D95 /* BookingFooter.swift */; };
		CF34ED3F2AAD942800CA2D95 /* BookingFooter.xib in Resources */ = {isa = PBXBuildFile; fileRef = CF34ED3D2AAD942800CA2D95 /* BookingFooter.xib */; };
		CF34ED442AADA22E00CA2D95 /* HotelCollectionCell.xib in Resources */ = {isa = PBXBuildFile; fileRef = CF34ED422AADA22E00CA2D95 /* HotelCollectionCell.xib */; };
		CF34ED482AADA35B00CA2D95 /* InfoHotelCell.xib in Resources */ = {isa = PBXBuildFile; fileRef = CF34ED462AADA35B00CA2D95 /* InfoHotelCell.xib */; };
		CF34ED502AADA53D00CA2D95 /* MoreAboutHotelCell.xib in Resources */ = {isa = PBXBuildFile; fileRef = CF34ED4E2AADA53D00CA2D95 /* MoreAboutHotelCell.xib */; };
		CF34ED542AADA9F100CA2D95 /* TagCollectionCell.swift in Sources */ = {isa = PBXBuildFile; fileRef = CF34ED522AADA9F100CA2D95 /* TagCollectionCell.swift */; };
		CF34ED552AADA9F100CA2D95 /* TagCollectionCell.xib in Resources */ = {isa = PBXBuildFile; fileRef = CF34ED532AADA9F100CA2D95 /* TagCollectionCell.xib */; };
		CF34ED582AADAAAB00CA2D95 /* TagCell.swift in Sources */ = {isa = PBXBuildFile; fileRef = CF34ED562AADAAAB00CA2D95 /* TagCell.swift */; };
		CF34ED592AADAAAB00CA2D95 /* TagCell.xib in Resources */ = {isa = PBXBuildFile; fileRef = CF34ED572AADAAAB00CA2D95 /* TagCell.xib */; };
		CF56083F2AA61991001A620C /* HotelModel.swift in Sources */ = {isa = PBXBuildFile; fileRef = CF56083E2AA61991001A620C /* HotelModel.swift */; };
		CF6FB7512AA9B47A00794E70 /* BookingInfo.swift in Sources */ = {isa = PBXBuildFile; fileRef = CF6FB7502AA9B47A00794E70 /* BookingInfo.swift */; };
		CF6FB7552AA9BFAC00794E70 /* InfoTouirist.swift in Sources */ = {isa = PBXBuildFile; fileRef = CF6FB7532AA9BFAC00794E70 /* InfoTouirist.swift */; };
		CF6FB7562AA9BFAC00794E70 /* InfoTouirist.xib in Resources */ = {isa = PBXBuildFile; fileRef = CF6FB7542AA9BFAC00794E70 /* InfoTouirist.xib */; };
		CF8056EB2AA8883800B81176 /* BookingController.swift in Sources */ = {isa = PBXBuildFile; fileRef = CF8056EA2AA8883800B81176 /* BookingController.swift */; };
		CF8056EE2AA889D300B81176 /* BookingDetailesCell.swift in Sources */ = {isa = PBXBuildFile; fileRef = CF8056EC2AA889D300B81176 /* BookingDetailesCell.swift */; };
		CF8056EF2AA889D300B81176 /* BookingDetailesCell.xib in Resources */ = {isa = PBXBuildFile; fileRef = CF8056ED2AA889D300B81176 /* BookingDetailesCell.xib */; };
		CF808DF62AA49F0600418D72 /* PriceFooter.swift in Sources */ = {isa = PBXBuildFile; fileRef = CF808DF52AA49F0600418D72 /* PriceFooter.swift */; };
		CF81CDB92AAA2F5900E5AAC0 /* BookingHeader.swift in Sources */ = {isa = PBXBuildFile; fileRef = CF81CDB82AAA2F5900E5AAC0 /* BookingHeader.swift */; };
		CF969D322AA05E8700CD75F9 /* AppDelegate.swift in Sources */ = {isa = PBXBuildFile; fileRef = CF969D312AA05E8700CD75F9 /* AppDelegate.swift */; };
		CF969D342AA05E8700CD75F9 /* SceneDelegate.swift in Sources */ = {isa = PBXBuildFile; fileRef = CF969D332AA05E8700CD75F9 /* SceneDelegate.swift */; };
		CF969D362AA05E8700CD75F9 /* HotelController.swift in Sources */ = {isa = PBXBuildFile; fileRef = CF969D352AA05E8700CD75F9 /* HotelController.swift */; };
		CF969D392AA05E8700CD75F9 /* Main.storyboard in Resources */ = {isa = PBXBuildFile; fileRef = CF969D372AA05E8700CD75F9 /* Main.storyboard */; };
		CF969D3B2AA05E8900CD75F9 /* Assets.xcassets in Resources */ = {isa = PBXBuildFile; fileRef = CF969D3A2AA05E8900CD75F9 /* Assets.xcassets */; };
		CF969D3E2AA05E8900CD75F9 /* LaunchScreen.storyboard in Resources */ = {isa = PBXBuildFile; fileRef = CF969D3C2AA05E8900CD75F9 /* LaunchScreen.storyboard */; };
		CF969D692AA06FE300CD75F9 /* SectionsInfoHotel.swift in Sources */ = {isa = PBXBuildFile; fileRef = CF969D682AA06FE300CD75F9 /* SectionsInfoHotel.swift */; };
		CF969D6E2AA099CC00CD75F9 /* MoreAboutHotelCell.swift in Sources */ = {isa = PBXBuildFile; fileRef = CF969D6C2AA099CC00CD75F9 /* MoreAboutHotelCell.swift */; };
		CF969D722AA099F800CD75F9 /* DescriptionHotelCell.swift in Sources */ = {isa = PBXBuildFile; fileRef = CF969D702AA099F800CD75F9 /* DescriptionHotelCell.swift */; };
		CF969D7A2AA09A4D00CD75F9 /* InfoHotelCell.swift in Sources */ = {isa = PBXBuildFile; fileRef = CF969D782AA09A4D00CD75F9 /* InfoHotelCell.swift */; };
		CF969D7E2AA09A8700CD75F9 /* HotelCollectionCell.swift in Sources */ = {isa = PBXBuildFile; fileRef = CF969D7C2AA09A8700CD75F9 /* HotelCollectionCell.swift */; };
		CF995A572AA87622004706F5 /* RoomCell.swift in Sources */ = {isa = PBXBuildFile; fileRef = CF995A552AA87622004706F5 /* RoomCell.swift */; };
		CF995A582AA87622004706F5 /* RoomCell.xib in Resources */ = {isa = PBXBuildFile; fileRef = CF995A562AA87622004706F5 /* RoomCell.xib */; };
		CFAC3FC52AA7137D00284369 /* RoomControllerTableViewController.swift in Sources */ = {isa = PBXBuildFile; fileRef = CFAC3FC42AA7137D00284369 /* RoomControllerTableViewController.swift */; };
		CFAC3FC72AA7139B00284369 /* RoomModel.swift in Sources */ = {isa = PBXBuildFile; fileRef = CFAC3FC62AA7139B00284369 /* RoomModel.swift */; };
		CFAC3FC92AA713A800284369 /* Room.swift in Sources */ = {isa = PBXBuildFile; fileRef = CFAC3FC82AA713A800284369 /* Room.swift */; };
		CFAC3FCD2AA71C1E00284369 /* LeftAligmentCollectionViewLayout.swift in Sources */ = {isa = PBXBuildFile; fileRef = CFAC3FCC2AA71C1E00284369 /* LeftAligmentCollectionViewLayout.swift */; };
		CFAC3FD32AA72C9400284369 /* Extension.swift in Sources */ = {isa = PBXBuildFile; fileRef = CFAC3FD22AA72C9400284369 /* Extension.swift */; };
		CFAC3FD62AA7758B00284369 /* TitleHedear.xib in Resources */ = {isa = PBXBuildFile; fileRef = CFAC3FD52AA7758B00284369 /* TitleHedear.xib */; };
		CFDF055B2AB5F3A40016252C /* ActionCell.swift in Sources */ = {isa = PBXBuildFile; fileRef = CFDF05592AB5F3A40016252C /* ActionCell.swift */; };
		CFDF055C2AB5F3A40016252C /* ActionCell.xib in Resources */ = {isa = PBXBuildFile; fileRef = CFDF055A2AB5F3A40016252C /* ActionCell.xib */; };
		CFF016642AAAFA99009BB3E8 /* BookingModel.swift in Sources */ = {isa = PBXBuildFile; fileRef = CFF016632AAAFA99009BB3E8 /* BookingModel.swift */; };
/* End PBXBuildFile section */

/* Begin PBXFileReference section */
		6733CC894A649260DE826A96 /* Pods-BookingHotel.release.xcconfig */ = {isa = PBXFileReference; includeInIndex = 1; lastKnownFileType = text.xcconfig; name = "Pods-BookingHotel.release.xcconfig"; path = "Target Support Files/Pods-BookingHotel/Pods-BookingHotel.release.xcconfig"; sourceTree = "<group>"; };
		7424F55EDC06D9175639B2E5 /* Pods_BookingHotel.framework */ = {isa = PBXFileReference; explicitFileType = wrapper.framework; includeInIndex = 0; path = Pods_BookingHotel.framework; sourceTree = BUILT_PRODUCTS_DIR; };
		CF0D89C12AA34A8200FB2787 /* SwipeCell.swift */ = {isa = PBXFileReference; lastKnownFileType = sourcecode.swift; path = SwipeCell.swift; sourceTree = "<group>"; };
		CF0D89C22AA34A8200FB2787 /* SwipeCell.xib */ = {isa = PBXFileReference; lastKnownFileType = file.xib; path = SwipeCell.xib; sourceTree = "<group>"; };
		CF1153242AA5156D00ED824D /* PriceFooter.xib */ = {isa = PBXFileReference; lastKnownFileType = file.xib; path = PriceFooter.xib; sourceTree = "<group>"; };
		CF1153272AA51D6E00ED824D /* TitleHedear.swift */ = {isa = PBXFileReference; lastKnownFileType = sourcecode.swift; path = TitleHedear.swift; sourceTree = "<group>"; };
		CF34ED3C2AAD942800CA2D95 /* BookingFooter.swift */ = {isa = PBXFileReference; lastKnownFileType = sourcecode.swift; path = BookingFooter.swift; sourceTree = "<group>"; };
		CF34ED3D2AAD942800CA2D95 /* BookingFooter.xib */ = {isa = PBXFileReference; lastKnownFileType = file.xib; path = BookingFooter.xib; sourceTree = "<group>"; };
		CF34ED422AADA22E00CA2D95 /* HotelCollectionCell.xib */ = {isa = PBXFileReference; lastKnownFileType = file.xib; path = HotelCollectionCell.xib; sourceTree = "<group>"; };
		CF34ED462AADA35B00CA2D95 /* InfoHotelCell.xib */ = {isa = PBXFileReference; lastKnownFileType = file.xib; path = InfoHotelCell.xib; sourceTree = "<group>"; };
		CF34ED4E2AADA53D00CA2D95 /* MoreAboutHotelCell.xib */ = {isa = PBXFileReference; lastKnownFileType = file.xib; path = MoreAboutHotelCell.xib; sourceTree = "<group>"; };
		CF34ED522AADA9F100CA2D95 /* TagCollectionCell.swift */ = {isa = PBXFileReference; lastKnownFileType = sourcecode.swift; path = TagCollectionCell.swift; sourceTree = "<group>"; };
		CF34ED532AADA9F100CA2D95 /* TagCollectionCell.xib */ = {isa = PBXFileReference; lastKnownFileType = file.xib; path = TagCollectionCell.xib; sourceTree = "<group>"; };
		CF34ED562AADAAAB00CA2D95 /* TagCell.swift */ = {isa = PBXFileReference; lastKnownFileType = sourcecode.swift; path = TagCell.swift; sourceTree = "<group>"; };
		CF34ED572AADAAAB00CA2D95 /* TagCell.xib */ = {isa = PBXFileReference; lastKnownFileType = file.xib; path = TagCell.xib; sourceTree = "<group>"; };
		CF56083E2AA61991001A620C /* HotelModel.swift */ = {isa = PBXFileReference; lastKnownFileType = sourcecode.swift; path = HotelModel.swift; sourceTree = "<group>"; };
		CF6FB7502AA9B47A00794E70 /* BookingInfo.swift */ = {isa = PBXFileReference; lastKnownFileType = sourcecode.swift; path = BookingInfo.swift; sourceTree = "<group>"; };
		CF6FB7532AA9BFAC00794E70 /* InfoTouirist.swift */ = {isa = PBXFileReference; lastKnownFileType = sourcecode.swift; path = InfoTouirist.swift; sourceTree = "<group>"; };
		CF6FB7542AA9BFAC00794E70 /* InfoTouirist.xib */ = {isa = PBXFileReference; lastKnownFileType = file.xib; path = InfoTouirist.xib; sourceTree = "<group>"; };
		CF8056EA2AA8883800B81176 /* BookingController.swift */ = {isa = PBXFileReference; lastKnownFileType = sourcecode.swift; path = BookingController.swift; sourceTree = "<group>"; };
		CF8056EC2AA889D300B81176 /* BookingDetailesCell.swift */ = {isa = PBXFileReference; lastKnownFileType = sourcecode.swift; path = BookingDetailesCell.swift; sourceTree = "<group>"; };
		CF8056ED2AA889D300B81176 /* BookingDetailesCell.xib */ = {isa = PBXFileReference; lastKnownFileType = file.xib; path = BookingDetailesCell.xib; sourceTree = "<group>"; };
		CF808DF52AA49F0600418D72 /* PriceFooter.swift */ = {isa = PBXFileReference; lastKnownFileType = sourcecode.swift; path = PriceFooter.swift; sourceTree = "<group>"; };
		CF81CDB82AAA2F5900E5AAC0 /* BookingHeader.swift */ = {isa = PBXFileReference; lastKnownFileType = sourcecode.swift; path = BookingHeader.swift; sourceTree = "<group>"; };
		CF969D2E2AA05E8700CD75F9 /* BookingHotel.app */ = {isa = PBXFileReference; explicitFileType = wrapper.application; includeInIndex = 0; path = BookingHotel.app; sourceTree = BUILT_PRODUCTS_DIR; };
		CF969D312AA05E8700CD75F9 /* AppDelegate.swift */ = {isa = PBXFileReference; lastKnownFileType = sourcecode.swift; path = AppDelegate.swift; sourceTree = "<group>"; };
		CF969D332AA05E8700CD75F9 /* SceneDelegate.swift */ = {isa = PBXFileReference; lastKnownFileType = sourcecode.swift; path = SceneDelegate.swift; sourceTree = "<group>"; };
		CF969D352AA05E8700CD75F9 /* HotelController.swift */ = {isa = PBXFileReference; lastKnownFileType = sourcecode.swift; path = HotelController.swift; sourceTree = "<group>"; };
		CF969D382AA05E8700CD75F9 /* Base */ = {isa = PBXFileReference; lastKnownFileType = file.storyboard; name = Base; path = Base.lproj/Main.storyboard; sourceTree = "<group>"; };
		CF969D3A2AA05E8900CD75F9 /* Assets.xcassets */ = {isa = PBXFileReference; lastKnownFileType = folder.assetcatalog; path = Assets.xcassets; sourceTree = "<group>"; };
		CF969D3D2AA05E8900CD75F9 /* Base */ = {isa = PBXFileReference; lastKnownFileType = file.storyboard; name = Base; path = Base.lproj/LaunchScreen.storyboard; sourceTree = "<group>"; };
		CF969D3F2AA05E8900CD75F9 /* Info.plist */ = {isa = PBXFileReference; lastKnownFileType = text.plist.xml; path = Info.plist; sourceTree = "<group>"; };
		CF969D682AA06FE300CD75F9 /* SectionsInfoHotel.swift */ = {isa = PBXFileReference; lastKnownFileType = sourcecode.swift; path = SectionsInfoHotel.swift; sourceTree = "<group>"; };
		CF969D6C2AA099CC00CD75F9 /* MoreAboutHotelCell.swift */ = {isa = PBXFileReference; lastKnownFileType = sourcecode.swift; path = MoreAboutHotelCell.swift; sourceTree = "<group>"; };
		CF969D702AA099F800CD75F9 /* DescriptionHotelCell.swift */ = {isa = PBXFileReference; lastKnownFileType = sourcecode.swift; path = DescriptionHotelCell.swift; sourceTree = "<group>"; };
		CF969D782AA09A4D00CD75F9 /* InfoHotelCell.swift */ = {isa = PBXFileReference; lastKnownFileType = sourcecode.swift; path = InfoHotelCell.swift; sourceTree = "<group>"; };
		CF969D7C2AA09A8700CD75F9 /* HotelCollectionCell.swift */ = {isa = PBXFileReference; lastKnownFileType = sourcecode.swift; path = HotelCollectionCell.swift; sourceTree = "<group>"; };
		CF995A552AA87622004706F5 /* RoomCell.swift */ = {isa = PBXFileReference; lastKnownFileType = sourcecode.swift; path = RoomCell.swift; sourceTree = "<group>"; };
		CF995A562AA87622004706F5 /* RoomCell.xib */ = {isa = PBXFileReference; lastKnownFileType = file.xib; path = RoomCell.xib; sourceTree = "<group>"; };
		CFAC3FC42AA7137D00284369 /* RoomControllerTableViewController.swift */ = {isa = PBXFileReference; lastKnownFileType = sourcecode.swift; path = RoomControllerTableViewController.swift; sourceTree = "<group>"; };
		CFAC3FC62AA7139B00284369 /* RoomModel.swift */ = {isa = PBXFileReference; lastKnownFileType = sourcecode.swift; path = RoomModel.swift; sourceTree = "<group>"; };
		CFAC3FC82AA713A800284369 /* Room.swift */ = {isa = PBXFileReference; lastKnownFileType = sourcecode.swift; path = Room.swift; sourceTree = "<group>"; };
		CFAC3FCC2AA71C1E00284369 /* LeftAligmentCollectionViewLayout.swift */ = {isa = PBXFileReference; lastKnownFileType = sourcecode.swift; path = LeftAligmentCollectionViewLayout.swift; sourceTree = "<group>"; };
		CFAC3FD22AA72C9400284369 /* Extension.swift */ = {isa = PBXFileReference; lastKnownFileType = sourcecode.swift; path = Extension.swift; sourceTree = "<group>"; };
		CFAC3FD52AA7758B00284369 /* TitleHedear.xib */ = {isa = PBXFileReference; lastKnownFileType = file.xib; path = TitleHedear.xib; sourceTree = "<group>"; };
		CFDF05592AB5F3A40016252C /* ActionCell.swift */ = {isa = PBXFileReference; lastKnownFileType = sourcecode.swift; path = ActionCell.swift; sourceTree = "<group>"; };
		CFDF055A2AB5F3A40016252C /* ActionCell.xib */ = {isa = PBXFileReference; lastKnownFileType = file.xib; path = ActionCell.xib; sourceTree = "<group>"; };
		CFF016632AAAFA99009BB3E8 /* BookingModel.swift */ = {isa = PBXFileReference; lastKnownFileType = sourcecode.swift; path = BookingModel.swift; sourceTree = "<group>"; };
		FDAF84C2AF7559CD063EA4BA /* Pods-BookingHotel.debug.xcconfig */ = {isa = PBXFileReference; includeInIndex = 1; lastKnownFileType = text.xcconfig; name = "Pods-BookingHotel.debug.xcconfig"; path = "Target Support Files/Pods-BookingHotel/Pods-BookingHotel.debug.xcconfig"; sourceTree = "<group>"; };
/* End PBXFileReference section */

/* Begin PBXFrameworksBuildPhase section */
		CF969D2B2AA05E8700CD75F9 /* Frameworks */ = {
			isa = PBXFrameworksBuildPhase;
			buildActionMask = 2147483647;
			files = (
				7433D7C611A5013B2FEF1F41 /* Pods_BookingHotel.framework in Frameworks */,
			);
			runOnlyForDeploymentPostprocessing = 0;
		};
/* End PBXFrameworksBuildPhase section */

/* Begin PBXGroup section */
		466B109CEB44446606955754 /* Pods */ = {
			isa = PBXGroup;
			children = (
				FDAF84C2AF7559CD063EA4BA /* Pods-BookingHotel.debug.xcconfig */,
				6733CC894A649260DE826A96 /* Pods-BookingHotel.release.xcconfig */,
			);
			path = Pods;
			sourceTree = "<group>";
		};
		A454555F5773405D1782EED0 /* Frameworks */ = {
			isa = PBXGroup;
			children = (
				7424F55EDC06D9175639B2E5 /* Pods_BookingHotel.framework */,
			);
			name = Frameworks;
			sourceTree = "<group>";
		};
		CF0D89C02AA34A3000FB2787 /* SwipeCell */ = {
			isa = PBXGroup;
			children = (
				CF0D89C12AA34A8200FB2787 /* SwipeCell.swift */,
				CF0D89C22AA34A8200FB2787 /* SwipeCell.xib */,
			);
			path = SwipeCell;
			sourceTree = "<group>";
		};
		CF34ED402AAD982F00CA2D95 /* Footer */ = {
			isa = PBXGroup;
			children = (
				CF34ED3C2AAD942800CA2D95 /* BookingFooter.swift */,
				CF34ED3D2AAD942800CA2D95 /* BookingFooter.xib */,
			);
			path = Footer;
			sourceTree = "<group>";
		};
		CF34ED512AADA9C900CA2D95 /* TagCell */ = {
			isa = PBXGroup;
			children = (
				CF34ED562AADAAAB00CA2D95 /* TagCell.swift */,
				CF34ED572AADAAAB00CA2D95 /* TagCell.xib */,
			);
			path = TagCell;
			sourceTree = "<group>";
		};
		CF5608392AA5CEAF001A620C /* PriceFooter */ = {
			isa = PBXGroup;
			children = (
				CF808DF52AA49F0600418D72 /* PriceFooter.swift */,
				CF1153242AA5156D00ED824D /* PriceFooter.xib */,
			);
			path = PriceFooter;
			sourceTree = "<group>";
		};
		CF56083C2AA618DE001A620C /* Cell */ = {
			isa = PBXGroup;
			children = (
				CF969D582AA06AE900CD75F9 /* CollectionCell */,
				CF969D572AA06ACC00CD75F9 /* InfoHotelCell */,
				CF969D592AA06B5100CD75F9 /* TagCell */,
				CF969D5A2AA06B6100CD75F9 /* DescriptionHotelCell */,
				CF969D5B2AA06B7B00CD75F9 /* MoreAboutHotelCell */,
				CFDF055D2AB5F3A90016252C /* ActionCell */,
			);
			path = Cell;
			sourceTree = "<group>";
		};
		CF6FB7522AA9BF8C00794E70 /* Cell */ = {
			isa = PBXGroup;
			children = (
				CF6FB7572AA9BFB200794E70 /* BookingDetails */,
				CF6FB7582AA9BFBB00794E70 /* InfoTouirist */,
			);
			path = Cell;
			sourceTree = "<group>";
		};
		CF6FB7572AA9BFB200794E70 /* BookingDetails */ = {
			isa = PBXGroup;
			children = (
				CF8056EC2AA889D300B81176 /* BookingDetailesCell.swift */,
				CF8056ED2AA889D300B81176 /* BookingDetailesCell.xib */,
			);
			path = BookingDetails;
			sourceTree = "<group>";
		};
		CF6FB7582AA9BFBB00794E70 /* InfoTouirist */ = {
			isa = PBXGroup;
			children = (
				CF6FB7532AA9BFAC00794E70 /* InfoTouirist.swift */,
				CF6FB7542AA9BFAC00794E70 /* InfoTouirist.xib */,
			);
			path = InfoTouirist;
			sourceTree = "<group>";
		};
		CF8056E62AA887BA00B81176 /* BookingNumber */ = {
			isa = PBXGroup;
			children = (
				CF8056E92AA887F100B81176 /* Model */,
				CF8056E82AA887ED00B81176 /* View */,
				CF8056E72AA887E500B81176 /* Controller */,
			);
			path = BookingNumber;
			sourceTree = "<group>";
		};
		CF8056E72AA887E500B81176 /* Controller */ = {
			isa = PBXGroup;
			children = (
				CF8056EA2AA8883800B81176 /* BookingController.swift */,
			);
			path = Controller;
			sourceTree = "<group>";
		};
		CF8056E82AA887ED00B81176 /* View */ = {
			isa = PBXGroup;
			children = (
				CFF016612AAAF8BC009BB3E8 /* ReusableView */,
				CF6FB7522AA9BF8C00794E70 /* Cell */,
			);
			path = View;
			sourceTree = "<group>";
		};
		CF8056E92AA887F100B81176 /* Model */ = {
			isa = PBXGroup;
			children = (
				CF6FB7502AA9B47A00794E70 /* BookingInfo.swift */,
				CFF016632AAAFA99009BB3E8 /* BookingModel.swift */,
			);
			path = Model;
			sourceTree = "<group>";
		};
		CF808DF42AA49EAB00418D72 /* ReusableView */ = {
			isa = PBXGroup;
			children = (
				CF5608392AA5CEAF001A620C /* PriceFooter */,
				CFAC3FD42AA7753700284369 /* TitleHedear */,
			);
			path = ReusableView;
			sourceTree = "<group>";
		};
		CF969D252AA05E8700CD75F9 = {
			isa = PBXGroup;
			children = (
				CF969D302AA05E8700CD75F9 /* BookingHotel */,
				CF969D2F2AA05E8700CD75F9 /* Products */,
				466B109CEB44446606955754 /* Pods */,
				A454555F5773405D1782EED0 /* Frameworks */,
			);
			sourceTree = "<group>";
		};
		CF969D2F2AA05E8700CD75F9 /* Products */ = {
			isa = PBXGroup;
			children = (
				CF969D2E2AA05E8700CD75F9 /* BookingHotel.app */,
			);
			name = Products;
			sourceTree = "<group>";
		};
		CF969D302AA05E8700CD75F9 /* BookingHotel */ = {
			isa = PBXGroup;
			children = (
				CF969D482AA0625000CD75F9 /* Application */,
				CF969D4C2AA0627800CD75F9 /* Hotel */,
				CFAC3FC32AA7130700284369 /* Room */,
				CF8056E62AA887BA00B81176 /* BookingNumber */,
				CF969D372AA05E8700CD75F9 /* Main.storyboard */,
				CF969D3A2AA05E8900CD75F9 /* Assets.xcassets */,
				CF969D3C2AA05E8900CD75F9 /* LaunchScreen.storyboard */,
				CF969D3F2AA05E8900CD75F9 /* Info.plist */,
			);
			path = BookingHotel;
			sourceTree = "<group>";
		};
		CF969D452AA05E9800CD75F9 /* Controller */ = {
			isa = PBXGroup;
			children = (
				CF969D312AA05E8700CD75F9 /* AppDelegate.swift */,
				CF969D332AA05E8700CD75F9 /* SceneDelegate.swift */,
			);
			path = Controller;
			sourceTree = "<group>";
		};
		CF969D462AA05EA100CD75F9 /* Model */ = {
			isa = PBXGroup;
			children = (
				CFAC3FD12AA72C7700284369 /* Extension */,
			);
			path = Model;
			sourceTree = "<group>";
		};
		CF969D472AA05EA500CD75F9 /* View */ = {
			isa = PBXGroup;
			children = (
				CFAC3FCC2AA71C1E00284369 /* LeftAligmentCollectionViewLayout.swift */,
			);
			path = View;
			sourceTree = "<group>";
		};
		CF969D482AA0625000CD75F9 /* Application */ = {
			isa = PBXGroup;
			children = (
				CF969D462AA05EA100CD75F9 /* Model */,
				CF969D472AA05EA500CD75F9 /* View */,
				CF969D452AA05E9800CD75F9 /* Controller */,
			);
			path = Application;
			sourceTree = "<group>";
		};
		CF969D492AA0625800CD75F9 /* Controller */ = {
			isa = PBXGroup;
			children = (
				CF969D352AA05E8700CD75F9 /* HotelController.swift */,
			);
			path = Controller;
			sourceTree = "<group>";
		};
		CF969D4A2AA0626300CD75F9 /* View */ = {
			isa = PBXGroup;
			children = (
				CF56083C2AA618DE001A620C /* Cell */,
				CF808DF42AA49EAB00418D72 /* ReusableView */,
			);
			path = View;
			sourceTree = "<group>";
		};
		CF969D4B2AA0626F00CD75F9 /* Model */ = {
			isa = PBXGroup;
			children = (
				CF969D682AA06FE300CD75F9 /* SectionsInfoHotel.swift */,
				CF56083E2AA61991001A620C /* HotelModel.swift */,
			);
			path = Model;
			sourceTree = "<group>";
		};
		CF969D4C2AA0627800CD75F9 /* Hotel */ = {
			isa = PBXGroup;
			children = (
				CF969D4B2AA0626F00CD75F9 /* Model */,
				CF969D4A2AA0626300CD75F9 /* View */,
				CF969D492AA0625800CD75F9 /* Controller */,
			);
			path = Hotel;
			sourceTree = "<group>";
		};
		CF969D572AA06ACC00CD75F9 /* InfoHotelCell */ = {
			isa = PBXGroup;
			children = (
				CF969D782AA09A4D00CD75F9 /* InfoHotelCell.swift */,
				CF34ED462AADA35B00CA2D95 /* InfoHotelCell.xib */,
			);
			path = InfoHotelCell;
			sourceTree = "<group>";
		};
		CF969D582AA06AE900CD75F9 /* CollectionCell */ = {
			isa = PBXGroup;
			children = (
				CF0D89C02AA34A3000FB2787 /* SwipeCell */,
				CF969D7C2AA09A8700CD75F9 /* HotelCollectionCell.swift */,
				CF34ED422AADA22E00CA2D95 /* HotelCollectionCell.xib */,
			);
			path = CollectionCell;
			sourceTree = "<group>";
		};
		CF969D592AA06B5100CD75F9 /* TagCell */ = {
			isa = PBXGroup;
			children = (
				CF34ED512AADA9C900CA2D95 /* TagCell */,
				CF34ED522AADA9F100CA2D95 /* TagCollectionCell.swift */,
				CF34ED532AADA9F100CA2D95 /* TagCollectionCell.xib */,
			);
			path = TagCell;
			sourceTree = "<group>";
		};
		CF969D5A2AA06B6100CD75F9 /* DescriptionHotelCell */ = {
			isa = PBXGroup;
			children = (
				CF969D702AA099F800CD75F9 /* DescriptionHotelCell.swift */,
			);
			path = DescriptionHotelCell;
			sourceTree = "<group>";
		};
		CF969D5B2AA06B7B00CD75F9 /* MoreAboutHotelCell */ = {
			isa = PBXGroup;
			children = (
				CF969D6C2AA099CC00CD75F9 /* MoreAboutHotelCell.swift */,
				CF34ED4E2AADA53D00CA2D95 /* MoreAboutHotelCell.xib */,
			);
			path = MoreAboutHotelCell;
			sourceTree = "<group>";
		};
		CF995A542AA87607004706F5 /* RoomCell */ = {
			isa = PBXGroup;
			children = (
				CF995A552AA87622004706F5 /* RoomCell.swift */,
				CF995A562AA87622004706F5 /* RoomCell.xib */,
			);
			path = RoomCell;
			sourceTree = "<group>";
		};
		CFAC3FC32AA7130700284369 /* Room */ = {
			isa = PBXGroup;
			children = (
				CFAC3FCE2AA71ED700284369 /* Model */,
				CFAC3FCF2AA71EDC00284369 /* View */,
				CFAC3FD02AA71EE000284369 /* Controller */,
			);
			path = Room;
			sourceTree = "<group>";
		};
		CFAC3FCE2AA71ED700284369 /* Model */ = {
			isa = PBXGroup;
			children = (
				CFAC3FC82AA713A800284369 /* Room.swift */,
				CFAC3FC62AA7139B00284369 /* RoomModel.swift */,
			);
			path = Model;
			sourceTree = "<group>";
		};
		CFAC3FCF2AA71EDC00284369 /* View */ = {
			isa = PBXGroup;
			children = (
				CF995A542AA87607004706F5 /* RoomCell */,
			);
			path = View;
			sourceTree = "<group>";
		};
		CFAC3FD02AA71EE000284369 /* Controller */ = {
			isa = PBXGroup;
			children = (
				CFAC3FC42AA7137D00284369 /* RoomControllerTableViewController.swift */,
			);
			path = Controller;
			sourceTree = "<group>";
		};
		CFAC3FD12AA72C7700284369 /* Extension */ = {
			isa = PBXGroup;
			children = (
				CFAC3FD22AA72C9400284369 /* Extension.swift */,
			);
			path = Extension;
			sourceTree = "<group>";
		};
		CFAC3FD42AA7753700284369 /* TitleHedear */ = {
			isa = PBXGroup;
			children = (
				CF1153272AA51D6E00ED824D /* TitleHedear.swift */,
				CFAC3FD52AA7758B00284369 /* TitleHedear.xib */,
			);
			path = TitleHedear;
			sourceTree = "<group>";
		};
		CFDF055D2AB5F3A90016252C /* ActionCell */ = {
			isa = PBXGroup;
			children = (
				CFDF05592AB5F3A40016252C /* ActionCell.swift */,
				CFDF055A2AB5F3A40016252C /* ActionCell.xib */,
			);
			path = ActionCell;
			sourceTree = "<group>";
		};
		CFF016612AAAF8BC009BB3E8 /* ReusableView */ = {
			isa = PBXGroup;
			children = (
				CF34ED402AAD982F00CA2D95 /* Footer */,
				CF81CDB82AAA2F5900E5AAC0 /* BookingHeader.swift */,
			);
			path = ReusableView;
			sourceTree = "<group>";
		};
/* End PBXGroup section */

/* Begin PBXNativeTarget section */
		CF969D2D2AA05E8700CD75F9 /* BookingHotel */ = {
			isa = PBXNativeTarget;
			buildConfigurationList = CF969D422AA05E8900CD75F9 /* Build configuration list for PBXNativeTarget "BookingHotel" */;
			buildPhases = (
				7ED13C156ACA01F765EE09FF /* [CP] Check Pods Manifest.lock */,
				CF969D2A2AA05E8700CD75F9 /* Sources */,
				CF969D2B2AA05E8700CD75F9 /* Frameworks */,
				CF969D2C2AA05E8700CD75F9 /* Resources */,
				86EDB2ED0E24851A725769D0 /* [CP] Embed Pods Frameworks */,
			);
			buildRules = (
			);
			dependencies = (
			);
			name = BookingHotel;
			productName = BookingHotel;
			productReference = CF969D2E2AA05E8700CD75F9 /* BookingHotel.app */;
			productType = "com.apple.product-type.application";
		};
/* End PBXNativeTarget section */

/* Begin PBXProject section */
		CF969D262AA05E8700CD75F9 /* Project object */ = {
			isa = PBXProject;
			attributes = {
				BuildIndependentTargetsInParallel = 1;
				LastSwiftUpdateCheck = 1420;
				LastUpgradeCheck = 1420;
				TargetAttributes = {
					CF969D2D2AA05E8700CD75F9 = {
						CreatedOnToolsVersion = 14.2;
					};
				};
			};
			buildConfigurationList = CF969D292AA05E8700CD75F9 /* Build configuration list for PBXProject "BookingHotel" */;
			compatibilityVersion = "Xcode 14.0";
			developmentRegion = en;
			hasScannedForEncodings = 0;
			knownRegions = (
				en,
				Base,
			);
			mainGroup = CF969D252AA05E8700CD75F9;
			productRefGroup = CF969D2F2AA05E8700CD75F9 /* Products */;
			projectDirPath = "";
			projectRoot = "";
			targets = (
				CF969D2D2AA05E8700CD75F9 /* BookingHotel */,
			);
		};
/* End PBXProject section */

/* Begin PBXResourcesBuildPhase section */
		CF969D2C2AA05E8700CD75F9 /* Resources */ = {
			isa = PBXResourcesBuildPhase;
			buildActionMask = 2147483647;
			files = (
				CF34ED442AADA22E00CA2D95 /* HotelCollectionCell.xib in Resources */,
				CF34ED502AADA53D00CA2D95 /* MoreAboutHotelCell.xib in Resources */,
				CF969D3E2AA05E8900CD75F9 /* LaunchScreen.storyboard in Resources */,
				CF0D89C42AA34A8200FB2787 /* SwipeCell.xib in Resources */,
				CF34ED592AADAAAB00CA2D95 /* TagCell.xib in Resources */,
				CF969D3B2AA05E8900CD75F9 /* Assets.xcassets in Resources */,
				CFAC3FD62AA7758B00284369 /* TitleHedear.xib in Resources */,
				CF1153262AA5156D00ED824D /* PriceFooter.xib in Resources */,
				CF34ED482AADA35B00CA2D95 /* InfoHotelCell.xib in Resources */,
				CF6FB7562AA9BFAC00794E70 /* InfoTouirist.xib in Resources */,
				CF34ED3F2AAD942800CA2D95 /* BookingFooter.xib in Resources */,
				CF969D392AA05E8700CD75F9 /* Main.storyboard in Resources */,
				CF8056EF2AA889D300B81176 /* BookingDetailesCell.xib in Resources */,
				CFDF055C2AB5F3A40016252C /* ActionCell.xib in Resources */,
				CF995A582AA87622004706F5 /* RoomCell.xib in Resources */,
				CF34ED552AADA9F100CA2D95 /* TagCollectionCell.xib in Resources */,
			);
			runOnlyForDeploymentPostprocessing = 0;
		};
/* End PBXResourcesBuildPhase section */

/* Begin PBXShellScriptBuildPhase section */
		7ED13C156ACA01F765EE09FF /* [CP] Check Pods Manifest.lock */ = {
			isa = PBXShellScriptBuildPhase;
			buildActionMask = 2147483647;
			files = (
			);
			inputFileListPaths = (
			);
			inputPaths = (
				"${PODS_PODFILE_DIR_PATH}/Podfile.lock",
				"${PODS_ROOT}/Manifest.lock",
			);
			name = "[CP] Check Pods Manifest.lock";
			outputFileListPaths = (
			);
			outputPaths = (
				"$(DERIVED_FILE_DIR)/Pods-BookingHotel-checkManifestLockResult.txt",
			);
			runOnlyForDeploymentPostprocessing = 0;
			shellPath = /bin/sh;
			shellScript = "diff \"${PODS_PODFILE_DIR_PATH}/Podfile.lock\" \"${PODS_ROOT}/Manifest.lock\" > /dev/null\nif [ $? != 0 ] ; then\n    # print error to STDERR\n    echo \"error: The sandbox is not in sync with the Podfile.lock. Run 'pod install' or update your CocoaPods installation.\" >&2\n    exit 1\nfi\n# This output is used by Xcode 'outputs' to avoid re-running this script phase.\necho \"SUCCESS\" > \"${SCRIPT_OUTPUT_FILE_0}\"\n";
			showEnvVarsInLog = 0;
		};
		86EDB2ED0E24851A725769D0 /* [CP] Embed Pods Frameworks */ = {
			isa = PBXShellScriptBuildPhase;
			buildActionMask = 2147483647;
			files = (
			);
			inputFileListPaths = (
				"${PODS_ROOT}/Target Support Files/Pods-BookingHotel/Pods-BookingHotel-frameworks-${CONFIGURATION}-input-files.xcfilelist",
			);
			name = "[CP] Embed Pods Frameworks";
			outputFileListPaths = (
				"${PODS_ROOT}/Target Support Files/Pods-BookingHotel/Pods-BookingHotel-frameworks-${CONFIGURATION}-output-files.xcfilelist",
			);
			runOnlyForDeploymentPostprocessing = 0;
			shellPath = /bin/sh;
			shellScript = "\"${PODS_ROOT}/Target Support Files/Pods-BookingHotel/Pods-BookingHotel-frameworks.sh\"\n";
			showEnvVarsInLog = 0;
		};
/* End PBXShellScriptBuildPhase section */

/* Begin PBXSourcesBuildPhase section */
		CF969D2A2AA05E8700CD75F9 /* Sources */ = {
			isa = PBXSourcesBuildPhase;
			buildActionMask = 2147483647;
			files = (
				CF6FB7512AA9B47A00794E70 /* BookingInfo.swift in Sources */,
				CF969D6E2AA099CC00CD75F9 /* MoreAboutHotelCell.swift in Sources */,
				CF34ED542AADA9F100CA2D95 /* TagCollectionCell.swift in Sources */,
				CF6FB7552AA9BFAC00794E70 /* InfoTouirist.swift in Sources */,
				CF995A572AA87622004706F5 /* RoomCell.swift in Sources */,
				CF56083F2AA61991001A620C /* HotelModel.swift in Sources */,
				CFAC3FC72AA7139B00284369 /* RoomModel.swift in Sources */,
				CFAC3FD32AA72C9400284369 /* Extension.swift in Sources */,
				CF1153282AA51D6E00ED824D /* TitleHedear.swift in Sources */,
				CF808DF62AA49F0600418D72 /* PriceFooter.swift in Sources */,
				CF969D362AA05E8700CD75F9 /* HotelController.swift in Sources */,
				CF0D89C32AA34A8200FB2787 /* SwipeCell.swift in Sources */,
				CFAC3FC52AA7137D00284369 /* RoomControllerTableViewController.swift in Sources */,
				CFDF055B2AB5F3A40016252C /* ActionCell.swift in Sources */,
				CF969D7E2AA09A8700CD75F9 /* HotelCollectionCell.swift in Sources */,
				CF8056EE2AA889D300B81176 /* BookingDetailesCell.swift in Sources */,
				CFF016642AAAFA99009BB3E8 /* BookingModel.swift in Sources */,
				CF969D7A2AA09A4D00CD75F9 /* InfoHotelCell.swift in Sources */,
				CF34ED3E2AAD942800CA2D95 /* BookingFooter.swift in Sources */,
				CFAC3FCD2AA71C1E00284369 /* LeftAligmentCollectionViewLayout.swift in Sources */,
				CF969D722AA099F800CD75F9 /* DescriptionHotelCell.swift in Sources */,
				CF8056EB2AA8883800B81176 /* BookingController.swift in Sources */,
				CF969D322AA05E8700CD75F9 /* AppDelegate.swift in Sources */,
				CF969D342AA05E8700CD75F9 /* SceneDelegate.swift in Sources */,
				CF34ED582AADAAAB00CA2D95 /* TagCell.swift in Sources */,
				CFAC3FC92AA713A800284369 /* Room.swift in Sources */,
				CF81CDB92AAA2F5900E5AAC0 /* BookingHeader.swift in Sources */,
				CF969D692AA06FE300CD75F9 /* SectionsInfoHotel.swift in Sources */,
			);
			runOnlyForDeploymentPostprocessing = 0;
		};
/* End PBXSourcesBuildPhase section */

/* Begin PBXVariantGroup section */
		CF969D372AA05E8700CD75F9 /* Main.storyboard */ = {
			isa = PBXVariantGroup;
			children = (
				CF969D382AA05E8700CD75F9 /* Base */,
			);
			name = Main.storyboard;
			sourceTree = "<group>";
		};
		CF969D3C2AA05E8900CD75F9 /* LaunchScreen.storyboard */ = {
			isa = PBXVariantGroup;
			children = (
				CF969D3D2AA05E8900CD75F9 /* Base */,
			);
			name = LaunchScreen.storyboard;
			sourceTree = "<group>";
		};
/* End PBXVariantGroup section */

/* Begin XCBuildConfiguration section */
		CF969D402AA05E8900CD75F9 /* Debug */ = {
			isa = XCBuildConfiguration;
			buildSettings = {
				ALWAYS_SEARCH_USER_PATHS = NO;
				CLANG_ANALYZER_NONNULL = YES;
				CLANG_ANALYZER_NUMBER_OBJECT_CONVERSION = YES_AGGRESSIVE;
				CLANG_CXX_LANGUAGE_STANDARD = "gnu++20";
				CLANG_ENABLE_MODULES = YES;
				CLANG_ENABLE_OBJC_ARC = YES;
				CLANG_ENABLE_OBJC_WEAK = YES;
				CLANG_WARN_BLOCK_CAPTURE_AUTORELEASING = YES;
				CLANG_WARN_BOOL_CONVERSION = YES;
				CLANG_WARN_COMMA = YES;
				CLANG_WARN_CONSTANT_CONVERSION = YES;
				CLANG_WARN_DEPRECATED_OBJC_IMPLEMENTATIONS = YES;
				CLANG_WARN_DIRECT_OBJC_ISA_USAGE = YES_ERROR;
				CLANG_WARN_DOCUMENTATION_COMMENTS = YES;
				CLANG_WARN_EMPTY_BODY = YES;
				CLANG_WARN_ENUM_CONVERSION = YES;
				CLANG_WARN_INFINITE_RECURSION = YES;
				CLANG_WARN_INT_CONVERSION = YES;
				CLANG_WARN_NON_LITERAL_NULL_CONVERSION = YES;
				CLANG_WARN_OBJC_IMPLICIT_RETAIN_SELF = YES;
				CLANG_WARN_OBJC_LITERAL_CONVERSION = YES;
				CLANG_WARN_OBJC_ROOT_CLASS = YES_ERROR;
				CLANG_WARN_QUOTED_INCLUDE_IN_FRAMEWORK_HEADER = YES;
				CLANG_WARN_RANGE_LOOP_ANALYSIS = YES;
				CLANG_WARN_STRICT_PROTOTYPES = YES;
				CLANG_WARN_SUSPICIOUS_MOVE = YES;
				CLANG_WARN_UNGUARDED_AVAILABILITY = YES_AGGRESSIVE;
				CLANG_WARN_UNREACHABLE_CODE = YES;
				CLANG_WARN__DUPLICATE_METHOD_MATCH = YES;
				COPY_PHASE_STRIP = NO;
				DEBUG_INFORMATION_FORMAT = dwarf;
				ENABLE_STRICT_OBJC_MSGSEND = YES;
				ENABLE_TESTABILITY = YES;
				GCC_C_LANGUAGE_STANDARD = gnu11;
				GCC_DYNAMIC_NO_PIC = NO;
				GCC_NO_COMMON_BLOCKS = YES;
				GCC_OPTIMIZATION_LEVEL = 0;
				GCC_PREPROCESSOR_DEFINITIONS = (
					"DEBUG=1",
					"$(inherited)",
				);
				GCC_WARN_64_TO_32_BIT_CONVERSION = YES;
				GCC_WARN_ABOUT_RETURN_TYPE = YES_ERROR;
				GCC_WARN_UNDECLARED_SELECTOR = YES;
				GCC_WARN_UNINITIALIZED_AUTOS = YES_AGGRESSIVE;
				GCC_WARN_UNUSED_FUNCTION = YES;
				GCC_WARN_UNUSED_VARIABLE = YES;
				IPHONEOS_DEPLOYMENT_TARGET = 16.2;
				MTL_ENABLE_DEBUG_INFO = INCLUDE_SOURCE;
				MTL_FAST_MATH = YES;
				ONLY_ACTIVE_ARCH = YES;
				SDKROOT = iphoneos;
				SWIFT_ACTIVE_COMPILATION_CONDITIONS = DEBUG;
				SWIFT_OPTIMIZATION_LEVEL = "-Onone";
			};
			name = Debug;
		};
		CF969D412AA05E8900CD75F9 /* Release */ = {
			isa = XCBuildConfiguration;
			buildSettings = {
				ALWAYS_SEARCH_USER_PATHS = NO;
				CLANG_ANALYZER_NONNULL = YES;
				CLANG_ANALYZER_NUMBER_OBJECT_CONVERSION = YES_AGGRESSIVE;
				CLANG_CXX_LANGUAGE_STANDARD = "gnu++20";
				CLANG_ENABLE_MODULES = YES;
				CLANG_ENABLE_OBJC_ARC = YES;
				CLANG_ENABLE_OBJC_WEAK = YES;
				CLANG_WARN_BLOCK_CAPTURE_AUTORELEASING = YES;
				CLANG_WARN_BOOL_CONVERSION = YES;
				CLANG_WARN_COMMA = YES;
				CLANG_WARN_CONSTANT_CONVERSION = YES;
				CLANG_WARN_DEPRECATED_OBJC_IMPLEMENTATIONS = YES;
				CLANG_WARN_DIRECT_OBJC_ISA_USAGE = YES_ERROR;
				CLANG_WARN_DOCUMENTATION_COMMENTS = YES;
				CLANG_WARN_EMPTY_BODY = YES;
				CLANG_WARN_ENUM_CONVERSION = YES;
				CLANG_WARN_INFINITE_RECURSION = YES;
				CLANG_WARN_INT_CONVERSION = YES;
				CLANG_WARN_NON_LITERAL_NULL_CONVERSION = YES;
				CLANG_WARN_OBJC_IMPLICIT_RETAIN_SELF = YES;
				CLANG_WARN_OBJC_LITERAL_CONVERSION = YES;
				CLANG_WARN_OBJC_ROOT_CLASS = YES_ERROR;
				CLANG_WARN_QUOTED_INCLUDE_IN_FRAMEWORK_HEADER = YES;
				CLANG_WARN_RANGE_LOOP_ANALYSIS = YES;
				CLANG_WARN_STRICT_PROTOTYPES = YES;
				CLANG_WARN_SUSPICIOUS_MOVE = YES;
				CLANG_WARN_UNGUARDED_AVAILABILITY = YES_AGGRESSIVE;
				CLANG_WARN_UNREACHABLE_CODE = YES;
				CLANG_WARN__DUPLICATE_METHOD_MATCH = YES;
				COPY_PHASE_STRIP = NO;
				DEBUG_INFORMATION_FORMAT = "dwarf-with-dsym";
				ENABLE_NS_ASSERTIONS = NO;
				ENABLE_STRICT_OBJC_MSGSEND = YES;
				GCC_C_LANGUAGE_STANDARD = gnu11;
				GCC_NO_COMMON_BLOCKS = YES;
				GCC_WARN_64_TO_32_BIT_CONVERSION = YES;
				GCC_WARN_ABOUT_RETURN_TYPE = YES_ERROR;
				GCC_WARN_UNDECLARED_SELECTOR = YES;
				GCC_WARN_UNINITIALIZED_AUTOS = YES_AGGRESSIVE;
				GCC_WARN_UNUSED_FUNCTION = YES;
				GCC_WARN_UNUSED_VARIABLE = YES;
				IPHONEOS_DEPLOYMENT_TARGET = 16.2;
				MTL_ENABLE_DEBUG_INFO = NO;
				MTL_FAST_MATH = YES;
				SDKROOT = iphoneos;
				SWIFT_COMPILATION_MODE = wholemodule;
				SWIFT_OPTIMIZATION_LEVEL = "-O";
				VALIDATE_PRODUCT = YES;
			};
			name = Release;
		};
		CF969D432AA05E8900CD75F9 /* Debug */ = {
			isa = XCBuildConfiguration;
			baseConfigurationReference = FDAF84C2AF7559CD063EA4BA /* Pods-BookingHotel.debug.xcconfig */;
			buildSettings = {
				ASSETCATALOG_COMPILER_APPICON_NAME = AppIcon;
				ASSETCATALOG_COMPILER_GLOBAL_ACCENT_COLOR_NAME = AccentColor;
				CODE_SIGN_STYLE = Automatic;
				CURRENT_PROJECT_VERSION = 1;
				DEVELOPMENT_TEAM = F54VLCC48K;
				GENERATE_INFOPLIST_FILE = YES;
				INFOPLIST_FILE = BookingHotel/Info.plist;
				INFOPLIST_KEY_UIApplicationSupportsIndirectInputEvents = YES;
				INFOPLIST_KEY_UILaunchStoryboardName = LaunchScreen;
				INFOPLIST_KEY_UIMainStoryboardFile = Main;
				INFOPLIST_KEY_UISupportedInterfaceOrientations = UIInterfaceOrientationPortrait;
				INFOPLIST_KEY_UISupportedInterfaceOrientations_iPad = "UIInterfaceOrientationLandscapeLeft UIInterfaceOrientationLandscapeRight UIInterfaceOrientationPortrait UIInterfaceOrientationPortraitUpsideDown";
				INFOPLIST_KEY_UIUserInterfaceStyle = Light;
				IPHONEOS_DEPLOYMENT_TARGET = 15.0;
				LD_RUNPATH_SEARCH_PATHS = (
					"$(inherited)",
					"@executable_path/Frameworks",
				);
				MARKETING_VERSION = 1.0;
				PRODUCT_BUNDLE_IDENTIFIER = DenimMerzhan.BookingHotel;
				PRODUCT_NAME = "$(TARGET_NAME)";
				SWIFT_EMIT_LOC_STRINGS = YES;
				SWIFT_VERSION = 5.0;
				TARGETED_DEVICE_FAMILY = "1,2";
			};
			name = Debug;
		};
		CF969D442AA05E8900CD75F9 /* Release */ = {
			isa = XCBuildConfiguration;
			baseConfigurationReference = 6733CC894A649260DE826A96 /* Pods-BookingHotel.release.xcconfig */;
			buildSettings = {
				ASSETCATALOG_COMPILER_APPICON_NAME = AppIcon;
				ASSETCATALOG_COMPILER_GLOBAL_ACCENT_COLOR_NAME = AccentColor;
				CODE_SIGN_STYLE = Automatic;
				CURRENT_PROJECT_VERSION = 1;
				DEVELOPMENT_TEAM = F54VLCC48K;
				GENERATE_INFOPLIST_FILE = YES;
				INFOPLIST_FILE = BookingHotel/Info.plist;
				INFOPLIST_KEY_UIApplicationSupportsIndirectInputEvents = YES;
				INFOPLIST_KEY_UILaunchStoryboardName = LaunchScreen;
				INFOPLIST_KEY_UIMainStoryboardFile = Main;
				INFOPLIST_KEY_UISupportedInterfaceOrientations = UIInterfaceOrientationPortrait;
				INFOPLIST_KEY_UISupportedInterfaceOrientations_iPad = "UIInterfaceOrientationLandscapeLeft UIInterfaceOrientationLandscapeRight UIInterfaceOrientationPortrait UIInterfaceOrientationPortraitUpsideDown";
				INFOPLIST_KEY_UIUserInterfaceStyle = Light;
				IPHONEOS_DEPLOYMENT_TARGET = 15.0;
				LD_RUNPATH_SEARCH_PATHS = (
					"$(inherited)",
					"@executable_path/Frameworks",
				);
				MARKETING_VERSION = 1.0;
				PRODUCT_BUNDLE_IDENTIFIER = DenimMerzhan.BookingHotel;
				PRODUCT_NAME = "$(TARGET_NAME)";
				SWIFT_EMIT_LOC_STRINGS = YES;
				SWIFT_VERSION = 5.0;
				TARGETED_DEVICE_FAMILY = "1,2";
			};
			name = Release;
		};
/* End XCBuildConfiguration section */

/* Begin XCConfigurationList section */
		CF969D292AA05E8700CD75F9 /* Build configuration list for PBXProject "BookingHotel" */ = {
			isa = XCConfigurationList;
			buildConfigurations = (
				CF969D402AA05E8900CD75F9 /* Debug */,
				CF969D412AA05E8900CD75F9 /* Release */,
			);
			defaultConfigurationIsVisible = 0;
			defaultConfigurationName = Release;
		};
		CF969D422AA05E8900CD75F9 /* Build configuration list for PBXNativeTarget "BookingHotel" */ = {
			isa = XCConfigurationList;
			buildConfigurations = (
				CF969D432AA05E8900CD75F9 /* Debug */,
				CF969D442AA05E8900CD75F9 /* Release */,
			);
			defaultConfigurationIsVisible = 0;
			defaultConfigurationName = Release;
		};
/* End XCConfigurationList section */
	};
	rootObject = CF969D262AA05E8700CD75F9 /* Project object */;
}
